
Microsoft Visual Studio Solution File, Format Version 12.00
# Visual Studio Version 16
VisualStudioVersion = 16.0.30804.86
MinimumVisualStudioVersion = 10.0.40219.1
Project("{FAE04EC0-301F-11D3-BF4B-00C04F79EFBC}") = "OceanKisBahcesi.Core", "OceanKisBahcesi.Core\OceanKisBahcesi.Core.csproj", "{803DC375-9577-41DC-AE28-C2E52F2E21CA}"
EndProject
Project("{FAE04EC0-301F-11D3-BF4B-00C04F79EFBC}") = "OceanKisBahcesi.Entities", "OceanKisBahcesi.Entities\OceanKisBahcesi.Entities.csproj", "{D4A56CA0-3099-46CD-9D1A-8E377F64859F}"
EndProject
Project("{FAE04EC0-301F-11D3-BF4B-00C04F79EFBC}") = "OceanKisBahcesi.DataAccess", "OceanKisBahcesi.DataAccess\OceanKisBahcesi.DataAccess.csproj", "{913863CB-7A66-4A6E-A7A2-9EA833BE179F}"
EndProject
Project("{FAE04EC0-301F-11D3-BF4B-00C04F79EFBC}") = "OceanKisBahcesi.Business", "OceanKisBahcesi.Business\OceanKisBahcesi.Business.csproj", "{F2E34AF6-7942-44E9-8A97-7397F7FF0BE4}"
EndProject
Project("{FAE04EC0-301F-11D3-BF4B-00C04F79EFBC}") = "OceanKisBahcesi.WebUI", "OceanKisBahcesi.WebUI\OceanKisBahcesi.WebUI.csproj", "{B428C299-9587-48C9-BB2F-8A2CEEAE92D5}"
EndProject
Global
	GlobalSection(SolutionConfigurationPlatforms) = preSolution
		Debug|Any CPU = Debug|Any CPU
		Release|Any CPU = Release|Any CPU
	EndGlobalSection
	GlobalSection(ProjectConfigurationPlatforms) = postSolution
		{803DC375-9577-41DC-AE28-C2E52F2E21CA}.Debug|Any CPU.ActiveCfg = Debug|Any CPU
		{803DC375-9577-41DC-AE28-C2E52F2E21CA}.Debug|Any CPU.Build.0 = Debug|Any CPU
		{803DC375-9577-41DC-AE28-C2E52F2E21CA}.Release|Any CPU.ActiveCfg = Release|Any CPU
		{803DC375-9577-41DC-AE28-C2E52F2E21CA}.Release|Any CPU.Build.0 = Release|Any CPU
		{D4A56CA0-3099-46CD-9D1A-8E377F64859F}.Debug|Any CPU.ActiveCfg = Debug|Any CPU
		{D4A56CA0-3099-46CD-9D1A-8E377F64859F}.Debug|Any CPU.Build.0 = Debug|Any CPU
		{D4A56CA0-3099-46CD-9D1A-8E377F64859F}.Release|Any CPU.ActiveCfg = Release|Any CPU
		{D4A56CA0-3099-46CD-9D1A-8E377F64859F}.Release|Any CPU.Build.0 = Release|Any CPU
		{913863CB-7A66-4A6E-A7A2-9EA833BE179F}.Debug|Any CPU.ActiveCfg = Debug|Any CPU
		{913863CB-7A66-4A6E-A7A2-9EA833BE179F}.Debug|Any CPU.Build.0 = Debug|Any CPU
		{913863CB-7A66-4A6E-A7A2-9EA833BE179F}.Release|Any CPU.ActiveCfg = Release|Any CPU
		{913863CB-7A66-4A6E-A7A2-9EA833BE179F}.Release|Any CPU.Build.0 = Release|Any CPU
		{F2E34AF6-7942-44E9-8A97-7397F7FF0BE4}.Debug|Any CPU.ActiveCfg = Debug|Any CPU
		{F2E34AF6-7942-44E9-8A97-7397F7FF0BE4}.Debug|Any CPU.Build.0 = Debug|Any CPU
		{F2E34AF6-7942-44E9-8A97-7397F7FF0BE4}.Release|Any CPU.ActiveCfg = Release|Any CPU
		{F2E34AF6-7942-44E9-8A97-7397F7FF0BE4}.Release|Any CPU.Build.0 = Release|Any CPU
		{B428C299-9587-48C9-BB2F-8A2CEEAE92D5}.Debug|Any CPU.ActiveCfg = Debug|Any CPU
		{B428C299-9587-48C9-BB2F-8A2CEEAE92D5}.Debug|Any CPU.Build.0 = Debug|Any CPU
		{B428C299-9587-48C9-BB2F-8A2CEEAE92D5}.Release|Any CPU.ActiveCfg = Release|Any CPU
		{B428C299-9587-48C9-BB2F-8A2CEEAE92D5}.Release|Any CPU.Build.0 = Release|Any CPU
	EndGlobalSection
	GlobalSection(SolutionProperties) = preSolution
		HideSolutionNode = FALSE
	EndGlobalSection
	GlobalSection(ExtensibilityGlobals) = postSolution
		SolutionGuid = {EA3CB3F5-F2FC-4414-BDEF-29E546C0A36C}
	EndGlobalSection
EndGlobal
